
Microsoft Visual Studio Solution File, Format Version 12.00
# Visual Studio 15
VisualStudioVersion = 15.0.28307.168
MinimumVisualStudioVersion = 10.0.40219.1
Project("{FAE04EC0-301F-11D3-BF4B-00C04F79EFBC}") = "CRUDProject", "CRUDProject\CRUDProject.csproj", "{1167F13A-AECF-413E-AEEB-AE133597406A}"
EndProject
Project("{FAE04EC0-301F-11D3-BF4B-00C04F79EFBC}") = "CRUDLibrary", "..\CRUDLibrary\CRUDLibrary.csproj", "{3663FC9C-2550-49DC-B49C-B718DB62AC66}"
EndProject
Global
	GlobalSection(SolutionConfigurationPlatforms) = preSolution
		Debug|Any CPU = Debug|Any CPU
		Release|Any CPU = Release|Any CPU
	EndGlobalSection
	GlobalSection(ProjectConfigurationPlatforms) = postSolution
		{1167F13A-AECF-413E-AEEB-AE133597406A}.Debug|Any CPU.ActiveCfg = Debug|Any CPU
		{1167F13A-AECF-413E-AEEB-AE133597406A}.Debug|Any CPU.Build.0 = Debug|Any CPU
		{1167F13A-AECF-413E-AEEB-AE133597406A}.Release|Any CPU.ActiveCfg = Release|Any CPU
		{1167F13A-AECF-413E-AEEB-AE133597406A}.Release|Any CPU.Build.0 = Release|Any CPU
		{3663FC9C-2550-49DC-B49C-B718DB62AC66}.Debug|Any CPU.ActiveCfg = Debug|Any CPU
		{3663FC9C-2550-49DC-B49C-B718DB62AC66}.Debug|Any CPU.Build.0 = Debug|Any CPU
		{3663FC9C-2550-49DC-B49C-B718DB62AC66}.Release|Any CPU.ActiveCfg = Release|Any CPU
		{3663FC9C-2550-49DC-B49C-B718DB62AC66}.Release|Any CPU.Build.0 = Release|Any CPU
	EndGlobalSection
	GlobalSection(SolutionProperties) = preSolution
		HideSolutionNode = FALSE
	EndGlobalSection
	GlobalSection(ExtensibilityGlobals) = postSolution
		SolutionGuid = {71614D29-D36D-453B-82E0-D09E58FE2DEA}
	EndGlobalSection
EndGlobal
